
Microsoft Visual Studio Solution File, Format Version 11.00
# Visual Studio 2010
Project("{FAE04EC0-301F-11D3-BF4B-00C04F79EFBC}") = "fp2modkit", "Assembly-CSharp.csproj", "{A7AB7143-AD2C-ABC1-222B-78F39559FC80}"
EndProject
Project("{FAE04EC0-301F-11D3-BF4B-00C04F79EFBC}") = "fp2modkit", "Assembly-CSharp-Editor.csproj", "{35C780B3-21C6-FCCC-804B-723D1A54C898}"
EndProject
Global
	GlobalSection(SolutionConfigurationPlatforms) = preSolution
		Debug|Any CPU = Debug|Any CPU
		Release|Any CPU = Release|Any CPU
	EndGlobalSection
	GlobalSection(ProjectConfigurationPlatforms) = postSolution
		{A7AB7143-AD2C-ABC1-222B-78F39559FC80}.Debug|Any CPU.ActiveCfg = Debug|Any CPU
		{A7AB7143-AD2C-ABC1-222B-78F39559FC80}.Debug|Any CPU.Build.0 = Debug|Any CPU
		{A7AB7143-AD2C-ABC1-222B-78F39559FC80}.Release|Any CPU.ActiveCfg = Release|Any CPU
		{A7AB7143-AD2C-ABC1-222B-78F39559FC80}.Release|Any CPU.Build.0 = Release|Any CPU
		{35C780B3-21C6-FCCC-804B-723D1A54C898}.Debug|Any CPU.ActiveCfg = Debug|Any CPU
		{35C780B3-21C6-FCCC-804B-723D1A54C898}.Debug|Any CPU.Build.0 = Debug|Any CPU
		{35C780B3-21C6-FCCC-804B-723D1A54C898}.Release|Any CPU.ActiveCfg = Release|Any CPU
		{35C780B3-21C6-FCCC-804B-723D1A54C898}.Release|Any CPU.Build.0 = Release|Any CPU
	EndGlobalSection
	GlobalSection(SolutionProperties) = preSolution
		HideSolutionNode = FALSE
	EndGlobalSection
	GlobalSection(MonoDevelopProperties) = preSolution
		StartupItem = Assembly-CSharp.csproj
	EndGlobalSection
EndGlobal
